// !$*UTF8*$!
{
	archiveVersion = 1;
	classes = {
	};
	objectVersion = 55;
	objects = {

/* Begin PBXBuildFile section */
		888A9D7F274DA65E008A213D /* DetailMovie.swift in Sources */ = {isa = PBXBuildFile; fileRef = 888A9D7E274DA65E008A213D /* DetailMovie.swift */; };
		889BCA35274C6B620091635F /* Constants.swift in Sources */ = {isa = PBXBuildFile; fileRef = 889BCA34274C6B620091635F /* Constants.swift */; };
		889BCA38274C6BEF0091635F /* APIManager.swift in Sources */ = {isa = PBXBuildFile; fileRef = 889BCA37274C6BEF0091635F /* APIManager.swift */; };
		889BCA3A274C6CA00091635F /* Movies.swift in Sources */ = {isa = PBXBuildFile; fileRef = 889BCA39274C6CA00091635F /* Movies.swift */; };
		88C6F0ED274C57900092437F /* AppDelegate.swift in Sources */ = {isa = PBXBuildFile; fileRef = 88C6F0EC274C57900092437F /* AppDelegate.swift */; };
		88C6F0EF274C57900092437F /* SceneDelegate.swift in Sources */ = {isa = PBXBuildFile; fileRef = 88C6F0EE274C57900092437F /* SceneDelegate.swift */; };
		88C6F0F6274C57940092437F /* Assets.xcassets in Resources */ = {isa = PBXBuildFile; fileRef = 88C6F0F5274C57940092437F /* Assets.xcassets */; };
		88C6F0F9274C57940092437F /* LaunchScreen.storyboard in Resources */ = {isa = PBXBuildFile; fileRef = 88C6F0F7274C57940092437F /* LaunchScreen.storyboard */; };
		88C6F109274C5B170092437F /* HomeView.swift in Sources */ = {isa = PBXBuildFile; fileRef = 88C6F107274C5B170092437F /* HomeView.swift */; };
		88C6F10A274C5B170092437F /* HomeView.xib in Resources */ = {isa = PBXBuildFile; fileRef = 88C6F108274C5B170092437F /* HomeView.xib */; };
		88C6F10D274C5C2A0092437F /* HomeRouter.swift in Sources */ = {isa = PBXBuildFile; fileRef = 88C6F10C274C5C2A0092437F /* HomeRouter.swift */; };
		88C6F110274C5D2A0092437F /* HomeViewModel.swift in Sources */ = {isa = PBXBuildFile; fileRef = 88C6F10F274C5D2A0092437F /* HomeViewModel.swift */; };
		88DEC100274EF2FA00333D13 /* CustomNavBar.swift in Sources */ = {isa = PBXBuildFile; fileRef = 88DEC0FF274EF2FA00333D13 /* CustomNavBar.swift */; };
		88EB9601274C62DC00B6D8BB /* MovieCell.swift in Sources */ = {isa = PBXBuildFile; fileRef = 88EB95FF274C62DC00B6D8BB /* MovieCell.swift */; };
		88EB9602274C62DC00B6D8BB /* MovieCell.xib in Resources */ = {isa = PBXBuildFile; fileRef = 88EB9600274C62DC00B6D8BB /* MovieCell.xib */; };
		F1A478FDD9F7AA512DBB97C8 /* Pods_TheAppMovie.framework in Frameworks */ = {isa = PBXBuildFile; fileRef = BC75D532C8F9FF00B5DE39DD /* Pods_TheAppMovie.framework */; };
/* End PBXBuildFile section */

/* Begin PBXFileReference section */
		7366F7A3576BC18F93F205D5 /* Pods-TheAppMovie.release.xcconfig */ = {isa = PBXFileReference; includeInIndex = 1; lastKnownFileType = text.xcconfig; name = "Pods-TheAppMovie.release.xcconfig"; path = "Target Support Files/Pods-TheAppMovie/Pods-TheAppMovie.release.xcconfig"; sourceTree = "<group>"; };
		888A9D7E274DA65E008A213D /* DetailMovie.swift */ = {isa = PBXFileReference; lastKnownFileType = sourcecode.swift; path = DetailMovie.swift; sourceTree = "<group>"; };
		889BCA34274C6B620091635F /* Constants.swift */ = {isa = PBXFileReference; lastKnownFileType = sourcecode.swift; path = Constants.swift; sourceTree = "<group>"; };
		889BCA37274C6BEF0091635F /* APIManager.swift */ = {isa = PBXFileReference; lastKnownFileType = sourcecode.swift; path = APIManager.swift; sourceTree = "<group>"; };
		889BCA39274C6CA00091635F /* Movies.swift */ = {isa = PBXFileReference; lastKnownFileType = sourcecode.swift; path = Movies.swift; sourceTree = "<group>"; };
		88C6F0E9274C57900092437F /* TheAppMovie.app */ = {isa = PBXFileReference; explicitFileType = wrapper.application; includeInIndex = 0; path = TheAppMovie.app; sourceTree = BUILT_PRODUCTS_DIR; };
		88C6F0EC274C57900092437F /* AppDelegate.swift */ = {isa = PBXFileReference; lastKnownFileType = sourcecode.swift; path = AppDelegate.swift; sourceTree = "<group>"; };
		88C6F0EE274C57900092437F /* SceneDelegate.swift */ = {isa = PBXFileReference; lastKnownFileType = sourcecode.swift; path = SceneDelegate.swift; sourceTree = "<group>"; };
		88C6F0F5274C57940092437F /* Assets.xcassets */ = {isa = PBXFileReference; lastKnownFileType = folder.assetcatalog; path = Assets.xcassets; sourceTree = "<group>"; };
		88C6F0F8274C57940092437F /* Base */ = {isa = PBXFileReference; lastKnownFileType = file.storyboard; name = Base; path = Base.lproj/LaunchScreen.storyboard; sourceTree = "<group>"; };
		88C6F0FA274C57940092437F /* Info.plist */ = {isa = PBXFileReference; lastKnownFileType = text.plist.xml; path = Info.plist; sourceTree = "<group>"; };
		88C6F107274C5B170092437F /* HomeView.swift */ = {isa = PBXFileReference; fileEncoding = 4; lastKnownFileType = sourcecode.swift; path = HomeView.swift; sourceTree = "<group>"; };
		88C6F108274C5B170092437F /* HomeView.xib */ = {isa = PBXFileReference; fileEncoding = 4; lastKnownFileType = file.xib; path = HomeView.xib; sourceTree = "<group>"; };
		88C6F10C274C5C2A0092437F /* HomeRouter.swift */ = {isa = PBXFileReference; lastKnownFileType = sourcecode.swift; path = HomeRouter.swift; sourceTree = "<group>"; };
		88C6F10F274C5D2A0092437F /* HomeViewModel.swift */ = {isa = PBXFileReference; lastKnownFileType = sourcecode.swift; path = HomeViewModel.swift; sourceTree = "<group>"; };
		88DEC0FF274EF2FA00333D13 /* CustomNavBar.swift */ = {isa = PBXFileReference; lastKnownFileType = sourcecode.swift; path = CustomNavBar.swift; sourceTree = "<group>"; };
		88EB95FF274C62DC00B6D8BB /* MovieCell.swift */ = {isa = PBXFileReference; lastKnownFileType = sourcecode.swift; path = MovieCell.swift; sourceTree = "<group>"; };
		88EB9600274C62DC00B6D8BB /* MovieCell.xib */ = {isa = PBXFileReference; lastKnownFileType = file.xib; path = MovieCell.xib; sourceTree = "<group>"; };
		BC75D532C8F9FF00B5DE39DD /* Pods_TheAppMovie.framework */ = {isa = PBXFileReference; explicitFileType = wrapper.framework; includeInIndex = 0; path = Pods_TheAppMovie.framework; sourceTree = BUILT_PRODUCTS_DIR; };
		E5C8513BB9AE050F34524CA0 /* Pods-TheAppMovie.debug.xcconfig */ = {isa = PBXFileReference; includeInIndex = 1; lastKnownFileType = text.xcconfig; name = "Pods-TheAppMovie.debug.xcconfig"; path = "Target Support Files/Pods-TheAppMovie/Pods-TheAppMovie.debug.xcconfig"; sourceTree = "<group>"; };
/* End PBXFileReference section */

/* Begin PBXFrameworksBuildPhase section */
		88C6F0E6274C57900092437F /* Frameworks */ = {
			isa = PBXFrameworksBuildPhase;
			buildActionMask = 2147483647;
			files = (
				F1A478FDD9F7AA512DBB97C8 /* Pods_TheAppMovie.framework in Frameworks */,
			);
			runOnlyForDeploymentPostprocessing = 0;
		};
/* End PBXFrameworksBuildPhase section */

/* Begin PBXGroup section */
		46C7D320AFF43E057CFD3F76 /* Pods */ = {
			isa = PBXGroup;
			children = (
				E5C8513BB9AE050F34524CA0 /* Pods-TheAppMovie.debug.xcconfig */,
				7366F7A3576BC18F93F205D5 /* Pods-TheAppMovie.release.xcconfig */,
			);
			path = Pods;
			sourceTree = "<group>";
		};
		888A9D7C274DA5B3008A213D /* DetailMovie */ = {
			isa = PBXGroup;
			children = (
				888A9D7D274DA63F008A213D /* Model */,
			);
			path = DetailMovie;
			sourceTree = "<group>";
		};
		888A9D7D274DA63F008A213D /* Model */ = {
			isa = PBXGroup;
			children = (
				888A9D7E274DA65E008A213D /* DetailMovie.swift */,
			);
			path = Model;
			sourceTree = "<group>";
		};
		889BCA33274C6B530091635F /* Resources */ = {
			isa = PBXGroup;
			children = (
				88DEC0FE274EF2D200333D13 /* NavBar */,
				889BCA34274C6B620091635F /* Constants.swift */,
			);
			path = Resources;
			sourceTree = "<group>";
		};
		889BCA36274C6BCA0091635F /* Network */ = {
			isa = PBXGroup;
			children = (
				889BCA37274C6BEF0091635F /* APIManager.swift */,
			);
			path = Network;
			sourceTree = "<group>";
		};
		88C6F0E0274C57900092437F = {
			isa = PBXGroup;
			children = (
				88C6F0EB274C57900092437F /* TheAppMovie */,
				88C6F0EA274C57900092437F /* Products */,
				46C7D320AFF43E057CFD3F76 /* Pods */,
				D3D724AE2E232EB91A8B10BF /* Frameworks */,
			);
			sourceTree = "<group>";
		};
		88C6F0EA274C57900092437F /* Products */ = {
			isa = PBXGroup;
			children = (
				88C6F0E9274C57900092437F /* TheAppMovie.app */,
			);
			name = Products;
			sourceTree = "<group>";
		};
		88C6F0EB274C57900092437F /* TheAppMovie */ = {
			isa = PBXGroup;
			children = (
				88C6F0EC274C57900092437F /* AppDelegate.swift */,
				88C6F0EE274C57900092437F /* SceneDelegate.swift */,
				888A9D7C274DA5B3008A213D /* DetailMovie */,
				88C6F100274C5AA10092437F /* Home */,
				88C6F0F5274C57940092437F /* Assets.xcassets */,
				88C6F0F7274C57940092437F /* LaunchScreen.storyboard */,
				88C6F0FA274C57940092437F /* Info.plist */,
				889BCA36274C6BCA0091635F /* Network */,
				889BCA33274C6B530091635F /* Resources */,
			);
			path = TheAppMovie;
			sourceTree = "<group>";
		};
		88C6F100274C5AA10092437F /* Home */ = {
			isa = PBXGroup;
			children = (
				88C6F10E274C5D100092437F /* Model */,
				88C6F106274C5B170092437F /* View */,
				88C6F105274C5AE70092437F /* ViewModel */,
				88C6F10B274C5B5C0092437F /* Router */,
			);
			path = Home;
			sourceTree = "<group>";
		};
		88C6F105274C5AE70092437F /* ViewModel */ = {
			isa = PBXGroup;
			children = (
				88C6F10F274C5D2A0092437F /* HomeViewModel.swift */,
			);
			path = ViewModel;
			sourceTree = "<group>";
		};
		88C6F106274C5B170092437F /* View */ = {
			isa = PBXGroup;
			children = (
				88EB95FE274C62B300B6D8BB /* Cell */,
				88C6F107274C5B170092437F /* HomeView.swift */,
				88C6F108274C5B170092437F /* HomeView.xib */,
			);
			path = View;
			sourceTree = "<group>";
		};
		88C6F10B274C5B5C0092437F /* Router */ = {
			isa = PBXGroup;
			children = (
				88C6F10C274C5C2A0092437F /* HomeRouter.swift */,
			);
			path = Router;
			sourceTree = "<group>";
		};
		88C6F10E274C5D100092437F /* Model */ = {
			isa = PBXGroup;
			children = (
				889BCA39274C6CA00091635F /* Movies.swift */,
			);
			path = Model;
			sourceTree = "<group>";
		};
		88DEC0FE274EF2D200333D13 /* NavBar */ = {
			isa = PBXGroup;
			children = (
				88DEC0FF274EF2FA00333D13 /* CustomNavBar.swift */,
			);
			path = NavBar;
			sourceTree = "<group>";
		};
		88EB95FE274C62B300B6D8BB /* Cell */ = {
			isa = PBXGroup;
			children = (
				88EB95FF274C62DC00B6D8BB /* MovieCell.swift */,
				88EB9600274C62DC00B6D8BB /* MovieCell.xib */,
			);
			path = Cell;
			sourceTree = "<group>";
		};
		D3D724AE2E232EB91A8B10BF /* Frameworks */ = {
			isa = PBXGroup;
			children = (
				BC75D532C8F9FF00B5DE39DD /* Pods_TheAppMovie.framework */,
			);
			name = Frameworks;
			sourceTree = "<group>";
		};
/* End PBXGroup section */

/* Begin PBXNativeTarget section */
		88C6F0E8274C57900092437F /* TheAppMovie */ = {
			isa = PBXNativeTarget;
			buildConfigurationList = 88C6F0FD274C57940092437F /* Build configuration list for PBXNativeTarget "TheAppMovie" */;
			buildPhases = (
				C742B1F0A58B4519268594F9 /* [CP] Check Pods Manifest.lock */,
				88C6F0E5274C57900092437F /* Sources */,
				88C6F0E6274C57900092437F /* Frameworks */,
				88C6F0E7274C57900092437F /* Resources */,
				9C267114DDDF1E80F67BC8BE /* [CP] Embed Pods Frameworks */,
			);
			buildRules = (
			);
			dependencies = (
			);
			name = TheAppMovie;
			productName = TheAppMovie;
			productReference = 88C6F0E9274C57900092437F /* TheAppMovie.app */;
			productType = "com.apple.product-type.application";
		};
/* End PBXNativeTarget section */

/* Begin PBXProject section */
		88C6F0E1274C57900092437F /* Project object */ = {
			isa = PBXProject;
			attributes = {
				BuildIndependentTargetsInParallel = 1;
				LastSwiftUpdateCheck = 1310;
				LastUpgradeCheck = 1310;
				TargetAttributes = {
					88C6F0E8274C57900092437F = {
						CreatedOnToolsVersion = 13.1;
					};
				};
			};
			buildConfigurationList = 88C6F0E4274C57900092437F /* Build configuration list for PBXProject "TheAppMovie" */;
			compatibilityVersion = "Xcode 13.0";
			developmentRegion = en;
			hasScannedForEncodings = 0;
			knownRegions = (
				en,
				Base,
			);
			mainGroup = 88C6F0E0274C57900092437F;
			productRefGroup = 88C6F0EA274C57900092437F /* Products */;
			projectDirPath = "";
			projectRoot = "";
			targets = (
				88C6F0E8274C57900092437F /* TheAppMovie */,
			);
		};
/* End PBXProject section */

/* Begin PBXResourcesBuildPhase section */
		88C6F0E7274C57900092437F /* Resources */ = {
			isa = PBXResourcesBuildPhase;
			buildActionMask = 2147483647;
			files = (
				88C6F0F9274C57940092437F /* LaunchScreen.storyboard in Resources */,
				88C6F10A274C5B170092437F /* HomeView.xib in Resources */,
				88EB9602274C62DC00B6D8BB /* MovieCell.xib in Resources */,
				88C6F0F6274C57940092437F /* Assets.xcassets in Resources */,
			);
			runOnlyForDeploymentPostprocessing = 0;
		};
/* End PBXResourcesBuildPhase section */

/* Begin PBXShellScriptBuildPhase section */
		9C267114DDDF1E80F67BC8BE /* [CP] Embed Pods Frameworks */ = {
			isa = PBXShellScriptBuildPhase;
			buildActionMask = 2147483647;
			files = (
			);
			inputFileListPaths = (
				"${PODS_ROOT}/Target Support Files/Pods-TheAppMovie/Pods-TheAppMovie-frameworks-${CONFIGURATION}-input-files.xcfilelist",
			);
			name = "[CP] Embed Pods Frameworks";
			outputFileListPaths = (
				"${PODS_ROOT}/Target Support Files/Pods-TheAppMovie/Pods-TheAppMovie-frameworks-${CONFIGURATION}-output-files.xcfilelist",
			);
			runOnlyForDeploymentPostprocessing = 0;
			shellPath = /bin/sh;
			shellScript = "\"${PODS_ROOT}/Target Support Files/Pods-TheAppMovie/Pods-TheAppMovie-frameworks.sh\"\n";
			showEnvVarsInLog = 0;
		};
		C742B1F0A58B4519268594F9 /* [CP] Check Pods Manifest.lock */ = {
			isa = PBXShellScriptBuildPhase;
			buildActionMask = 2147483647;
			files = (
			);
			inputFileListPaths = (
			);
			inputPaths = (
				"${PODS_PODFILE_DIR_PATH}/Podfile.lock",
				"${PODS_ROOT}/Manifest.lock",
			);
			name = "[CP] Check Pods Manifest.lock";
			outputFileListPaths = (
			);
			outputPaths = (
				"$(DERIVED_FILE_DIR)/Pods-TheAppMovie-checkManifestLockResult.txt",
			);
			runOnlyForDeploymentPostprocessing = 0;
			shellPath = /bin/sh;
			shellScript = "diff \"${PODS_PODFILE_DIR_PATH}/Podfile.lock\" \"${PODS_ROOT}/Manifest.lock\" > /dev/null\nif [ $? != 0 ] ; then\n    # print error to STDERR\n    echo \"error: The sandbox is not in sync with the Podfile.lock. Run 'pod install' or update your CocoaPods installation.\" >&2\n    exit 1\nfi\n# This output is used by Xcode 'outputs' to avoid re-running this script phase.\necho \"SUCCESS\" > \"${SCRIPT_OUTPUT_FILE_0}\"\n";
			showEnvVarsInLog = 0;
		};
/* End PBXShellScriptBuildPhase section */

/* Begin PBXSourcesBuildPhase section */
		88C6F0E5274C57900092437F /* Sources */ = {
			isa = PBXSourcesBuildPhase;
			buildActionMask = 2147483647;
			files = (
				889BCA38274C6BEF0091635F /* APIManager.swift in Sources */,
				88DEC100274EF2FA00333D13 /* CustomNavBar.swift in Sources */,
				88C6F0ED274C57900092437F /* AppDelegate.swift in Sources */,
				88C6F10D274C5C2A0092437F /* HomeRouter.swift in Sources */,
				88EB9601274C62DC00B6D8BB /* MovieCell.swift in Sources */,
				88C6F109274C5B170092437F /* HomeView.swift in Sources */,
				888A9D7F274DA65E008A213D /* DetailMovie.swift in Sources */,
				889BCA3A274C6CA00091635F /* Movies.swift in Sources */,
				889BCA35274C6B620091635F /* Constants.swift in Sources */,
				88C6F110274C5D2A0092437F /* HomeViewModel.swift in Sources */,
				88C6F0EF274C57900092437F /* SceneDelegate.swift in Sources */,
			);
			runOnlyForDeploymentPostprocessing = 0;
		};
/* End PBXSourcesBuildPhase section */

/* Begin PBXVariantGroup section */
		88C6F0F7274C57940092437F /* LaunchScreen.storyboard */ = {
			isa = PBXVariantGroup;
			children = (
				88C6F0F8274C57940092437F /* Base */,
			);
			name = LaunchScreen.storyboard;
			sourceTree = "<group>";
		};
/* End PBXVariantGroup section */

/* Begin XCBuildConfiguration section */
		88C6F0FB274C57940092437F /* Debug */ = {
			isa = XCBuildConfiguration;
			buildSettings = {
				ALWAYS_SEARCH_USER_PATHS = NO;
				CLANG_ANALYZER_NONNULL = YES;
				CLANG_ANALYZER_NUMBER_OBJECT_CONVERSION = YES_AGGRESSIVE;
				CLANG_CXX_LANGUAGE_STANDARD = "gnu++17";
				CLANG_CXX_LIBRARY = "libc++";
				CLANG_ENABLE_MODULES = YES;
				CLANG_ENABLE_OBJC_ARC = YES;
				CLANG_ENABLE_OBJC_WEAK = YES;
				CLANG_WARN_BLOCK_CAPTURE_AUTORELEASING = YES;
				CLANG_WARN_BOOL_CONVERSION = YES;
				CLANG_WARN_COMMA = YES;
				CLANG_WARN_CONSTANT_CONVERSION = YES;
				CLANG_WARN_DEPRECATED_OBJC_IMPLEMENTATIONS = YES;
				CLANG_WARN_DIRECT_OBJC_ISA_USAGE = YES_ERROR;
				CLANG_WARN_DOCUMENTATION_COMMENTS = YES;
				CLANG_WARN_EMPTY_BODY = YES;
				CLANG_WARN_ENUM_CONVERSION = YES;
				CLANG_WARN_INFINITE_RECURSION = YES;
				CLANG_WARN_INT_CONVERSION = YES;
				CLANG_WARN_NON_LITERAL_NULL_CONVERSION = YES;
				CLANG_WARN_OBJC_IMPLICIT_RETAIN_SELF = YES;
				CLANG_WARN_OBJC_LITERAL_CONVERSION = YES;
				CLANG_WARN_OBJC_ROOT_CLASS = YES_ERROR;
				CLANG_WARN_QUOTED_INCLUDE_IN_FRAMEWORK_HEADER = YES;
				CLANG_WARN_RANGE_LOOP_ANALYSIS = YES;
				CLANG_WARN_STRICT_PROTOTYPES = YES;
				CLANG_WARN_SUSPICIOUS_MOVE = YES;
				CLANG_WARN_UNGUARDED_AVAILABILITY = YES_AGGRESSIVE;
				CLANG_WARN_UNREACHABLE_CODE = YES;
				CLANG_WARN__DUPLICATE_METHOD_MATCH = YES;
				COPY_PHASE_STRIP = NO;
				DEBUG_INFORMATION_FORMAT = dwarf;
				ENABLE_STRICT_OBJC_MSGSEND = YES;
				ENABLE_TESTABILITY = YES;
				GCC_C_LANGUAGE_STANDARD = gnu11;
				GCC_DYNAMIC_NO_PIC = NO;
				GCC_NO_COMMON_BLOCKS = YES;
				GCC_OPTIMIZATION_LEVEL = 0;
				GCC_PREPROCESSOR_DEFINITIONS = (
					"DEBUG=1",
					"$(inherited)",
				);
				GCC_WARN_64_TO_32_BIT_CONVERSION = YES;
				GCC_WARN_ABOUT_RETURN_TYPE = YES_ERROR;
				GCC_WARN_UNDECLARED_SELECTOR = YES;
				GCC_WARN_UNINITIALIZED_AUTOS = YES_AGGRESSIVE;
				GCC_WARN_UNUSED_FUNCTION = YES;
				GCC_WARN_UNUSED_VARIABLE = YES;
				IPHONEOS_DEPLOYMENT_TARGET = 15.0;
				MTL_ENABLE_DEBUG_INFO = INCLUDE_SOURCE;
				MTL_FAST_MATH = YES;
				ONLY_ACTIVE_ARCH = YES;
				SDKROOT = iphoneos;
				SWIFT_ACTIVE_COMPILATION_CONDITIONS = DEBUG;
				SWIFT_OPTIMIZATION_LEVEL = "-Onone";
			};
			name = Debug;
		};
		88C6F0FC274C57940092437F /* Release */ = {
			isa = XCBuildConfiguration;
			buildSettings = {
				ALWAYS_SEARCH_USER_PATHS = NO;
				CLANG_ANALYZER_NONNULL = YES;
				CLANG_ANALYZER_NUMBER_OBJECT_CONVERSION = YES_AGGRESSIVE;
				CLANG_CXX_LANGUAGE_STANDARD = "gnu++17";
				CLANG_CXX_LIBRARY = "libc++";
				CLANG_ENABLE_MODULES = YES;
				CLANG_ENABLE_OBJC_ARC = YES;
				CLANG_ENABLE_OBJC_WEAK = YES;
				CLANG_WARN_BLOCK_CAPTURE_AUTORELEASING = YES;
				CLANG_WARN_BOOL_CONVERSION = YES;
				CLANG_WARN_COMMA = YES;
				CLANG_WARN_CONSTANT_CONVERSION = YES;
				CLANG_WARN_DEPRECATED_OBJC_IMPLEMENTATIONS = YES;
				CLANG_WARN_DIRECT_OBJC_ISA_USAGE = YES_ERROR;
				CLANG_WARN_DOCUMENTATION_COMMENTS = YES;
				CLANG_WARN_EMPTY_BODY = YES;
				CLANG_WARN_ENUM_CONVERSION = YES;
				CLANG_WARN_INFINITE_RECURSION = YES;
				CLANG_WARN_INT_CONVERSION = YES;
				CLANG_WARN_NON_LITERAL_NULL_CONVERSION = YES;
				CLANG_WARN_OBJC_IMPLICIT_RETAIN_SELF = YES;
				CLANG_WARN_OBJC_LITERAL_CONVERSION = YES;
				CLANG_WARN_OBJC_ROOT_CLASS = YES_ERROR;
				CLANG_WARN_QUOTED_INCLUDE_IN_FRAMEWORK_HEADER = YES;
				CLANG_WARN_RANGE_LOOP_ANALYSIS = YES;
				CLANG_WARN_STRICT_PROTOTYPES = YES;
				CLANG_WARN_SUSPICIOUS_MOVE = YES;
				CLANG_WARN_UNGUARDED_AVAILABILITY = YES_AGGRESSIVE;
				CLANG_WARN_UNREACHABLE_CODE = YES;
				CLANG_WARN__DUPLICATE_METHOD_MATCH = YES;
				COPY_PHASE_STRIP = NO;
				DEBUG_INFORMATION_FORMAT = "dwarf-with-dsym";
				ENABLE_NS_ASSERTIONS = NO;
				ENABLE_STRICT_OBJC_MSGSEND = YES;
				GCC_C_LANGUAGE_STANDARD = gnu11;
				GCC_NO_COMMON_BLOCKS = YES;
				GCC_WARN_64_TO_32_BIT_CONVERSION = YES;
				GCC_WARN_ABOUT_RETURN_TYPE = YES_ERROR;
				GCC_WARN_UNDECLARED_SELECTOR = YES;
				GCC_WARN_UNINITIALIZED_AUTOS = YES_AGGRESSIVE;
				GCC_WARN_UNUSED_FUNCTION = YES;
				GCC_WARN_UNUSED_VARIABLE = YES;
				IPHONEOS_DEPLOYMENT_TARGET = 15.0;
				MTL_ENABLE_DEBUG_INFO = NO;
				MTL_FAST_MATH = YES;
				SDKROOT = iphoneos;
				SWIFT_COMPILATION_MODE = wholemodule;
				SWIFT_OPTIMIZATION_LEVEL = "-O";
				VALIDATE_PRODUCT = YES;
			};
			name = Release;
		};
		88C6F0FE274C57940092437F /* Debug */ = {
			isa = XCBuildConfiguration;
			baseConfigurationReference = E5C8513BB9AE050F34524CA0 /* Pods-TheAppMovie.debug.xcconfig */;
			buildSettings = {
				ASSETCATALOG_COMPILER_APPICON_NAME = AppIcon;
				ASSETCATALOG_COMPILER_GLOBAL_ACCENT_COLOR_NAME = AccentColor;
				CODE_SIGN_STYLE = Automatic;
				CURRENT_PROJECT_VERSION = 1;
				DEVELOPMENT_TEAM = MMDTV8J5UC;
				GENERATE_INFOPLIST_FILE = YES;
				INFOPLIST_FILE = TheAppMovie/Info.plist;
				INFOPLIST_KEY_UIApplicationSupportsIndirectInputEvents = YES;
				INFOPLIST_KEY_UILaunchStoryboardName = LaunchScreen;
				INFOPLIST_KEY_UISupportedInterfaceOrientations_iPad = "UIInterfaceOrientationPortrait UIInterfaceOrientationPortraitUpsideDown UIInterfaceOrientationLandscapeLeft UIInterfaceOrientationLandscapeRight";
				INFOPLIST_KEY_UISupportedInterfaceOrientations_iPhone = "UIInterfaceOrientationPortrait UIInterfaceOrientationLandscapeLeft UIInterfaceOrientationLandscapeRight";
				LD_RUNPATH_SEARCH_PATHS = (
					"$(inherited)",
					"@executable_path/Frameworks",
				);
				MARKETING_VERSION = 1.0;
				PRODUCT_BUNDLE_IDENTIFIER = com.rtorres.TheAppMovie;
				PRODUCT_NAME = "$(TARGET_NAME)";
				SWIFT_EMIT_LOC_STRINGS = YES;
				SWIFT_VERSION = 5.0;
				TARGETED_DEVICE_FAMILY = "1,2";
			};
			name = Debug;
		};
		88C6F0FF274C57940092437F /* Release */ = {
			isa = XCBuildConfiguration;
			baseConfigurationReference = 7366F7A3576BC18F93F205D5 /* Pods-TheAppMovie.release.xcconfig */;
			buildSettings = {
				ASSETCATALOG_COMPILER_APPICON_NAME = AppIcon;
				ASSETCATALOG_COMPILER_GLOBAL_ACCENT_COLOR_NAME = AccentColor;
				CODE_SIGN_STYLE = Automatic;
				CURRENT_PROJECT_VERSION = 1;
				DEVELOPMENT_TEAM = MMDTV8J5UC;
				GENERATE_INFOPLIST_FILE = YES;
				INFOPLIST_FILE = TheAppMovie/Info.plist;
				INFOPLIST_KEY_UIApplicationSupportsIndirectInputEvents = YES;
				INFOPLIST_KEY_UILaunchStoryboardName = LaunchScreen;
				INFOPLIST_KEY_UISupportedInterfaceOrientations_iPad = "UIInterfaceOrientationPortrait UIInterfaceOrientationPortraitUpsideDown UIInterfaceOrientationLandscapeLeft UIInterfaceOrientationLandscapeRight";
				INFOPLIST_KEY_UISupportedInterfaceOrientations_iPhone = "UIInterfaceOrientationPortrait UIInterfaceOrientationLandscapeLeft UIInterfaceOrientationLandscapeRight";
				LD_RUNPATH_SEARCH_PATHS = (
					"$(inherited)",
					"@executable_path/Frameworks",
				);
				MARKETING_VERSION = 1.0;
				PRODUCT_BUNDLE_IDENTIFIER = com.rtorres.TheAppMovie;
				PRODUCT_NAME = "$(TARGET_NAME)";
				SWIFT_EMIT_LOC_STRINGS = YES;
				SWIFT_VERSION = 5.0;
				TARGETED_DEVICE_FAMILY = "1,2";
			};
			name = Release;
		};
/* End XCBuildConfiguration section */

/* Begin XCConfigurationList section */
		88C6F0E4274C57900092437F /* Build configuration list for PBXProject "TheAppMovie" */ = {
			isa = XCConfigurationList;
			buildConfigurations = (
				88C6F0FB274C57940092437F /* Debug */,
				88C6F0FC274C57940092437F /* Release */,
			);
			defaultConfigurationIsVisible = 0;
			defaultConfigurationName = Release;
		};
		88C6F0FD274C57940092437F /* Build configuration list for PBXNativeTarget "TheAppMovie" */ = {
			isa = XCConfigurationList;
			buildConfigurations = (
				88C6F0FE274C57940092437F /* Debug */,
				88C6F0FF274C57940092437F /* Release */,
			);
			defaultConfigurationIsVisible = 0;
			defaultConfigurationName = Release;
		};
/* End XCConfigurationList section */
	};
	rootObject = 88C6F0E1274C57900092437F /* Project object */;
}
